lockfileVersion: '6.0'

dependencies:
  commander:
    specifier: ^10.0.1
    version: 10.0.1

devDependencies:
  '@types/node':
    specifier: ^20.1.3
    version: 20.1.3

packages:

  /@types/node@20.1.3:
    resolution: {integrity: sha512-NP2yfZpgmf2eDRPmgGq+fjGjSwFgYbihA8/gK+ey23qT9RkxsgNTZvGOEpXgzIGqesTYkElELLgtKoMQTys5vA==}
    dev: true

  /commander@10.0.1:
    resolution: {integrity: sha512-y4Mg2tXshplEbSGzx7amzPwKKOCGuoSRP/CjEdwwk0FOGlUbq6lKuoyDZTNZkmxHdJtp54hdfY/JUrdL7Xfdug==}
    engines: {node: '>=14'}
    dev: false
